{
  "name": "nebula",
  "version": "1.0.0",
  "lockfileVersion": 2,
  "requires": true,
  "packages": {
    "": {
      "name": "nebula",
      "version": "1.0.0",
      "license": "GPL-3.0-or-later",
      "dependencies": {
        "sha512-crypt-ts": "^0.1.27"
      },
      "devDependencies": {
        "@types/node": "^17.0.31"
      }
    },
    "node_modules/@types/node": {
      "version": "17.0.31",
      "resolved": "https://registry.npmjs.org/@types/node/-/node-17.0.31.tgz",
      "integrity": "sha512-AR0x5HbXGqkEx9CadRH3EBYx/VkiUgZIhP4wvPn/+5KIsgpNoyFaRlVe0Zlx9gRtg8fA06a9tskE2MSN7TcG4Q==",
      "dev": true
    },
    "node_modules/sha512-crypt-ts": {
      "version": "0.1.27",
      "resolved": "https://registry.npmjs.org/sha512-crypt-ts/-/sha512-crypt-ts-0.1.27.tgz",
      "integrity": "sha512-S/7vb0rJ3ZM6Y1oILqFXM+MGusE3f9SXlEB47qhkVZc2KneF1n6aHd0L1Grl3EKU8nJ44GXY69yRlWfbJXppZg=="
    }
  },
  "dependencies": {
    "@types/node": {
      "version": "17.0.31",
      "resolved": "https://registry.npmjs.org/@types/node/-/node-17.0.31.tgz",
      "integrity": "sha512-AR0x5HbXGqkEx9CadRH3EBYx/VkiUgZIhP4wvPn/+5KIsgpNoyFaRlVe0Zlx9gRtg8fA06a9tskE2MSN7TcG4Q==",
      "dev": true
    },
    "sha512-crypt-ts": {
      "version": "0.1.27",
      "resolved": "https://registry.npmjs.org/sha512-crypt-ts/-/sha512-crypt-ts-0.1.27.tgz",
      "integrity": "sha512-S/7vb0rJ3ZM6Y1oILqFXM+MGusE3f9SXlEB47qhkVZc2KneF1n6aHd0L1Grl3EKU8nJ44GXY69yRlWfbJXppZg=="
    }
  }
}
